
Microsoft Visual Studio Solution File, Format Version 12.00
# Visual Studio Version 16
VisualStudioVersion = 16.0.29201.188
MinimumVisualStudioVersion = 10.0.40219.1
Project("{FAE04EC0-301F-11D3-BF4B-00C04F79EFBC}") = "MCV_Parte1", "MCV_Parte1\MCV_Parte1.csproj", "{969D5365-C851-4338-AC4F-38E064AF8938}"
EndProject
Global
	GlobalSection(SolutionConfigurationPlatforms) = preSolution
		Debug|Any CPU = Debug|Any CPU
		Release|Any CPU = Release|Any CPU
	EndGlobalSection
	GlobalSection(ProjectConfigurationPlatforms) = postSolution
		{969D5365-C851-4338-AC4F-38E064AF8938}.Debug|Any CPU.ActiveCfg = Debug|Any CPU
		{969D5365-C851-4338-AC4F-38E064AF8938}.Debug|Any CPU.Build.0 = Debug|Any CPU
		{969D5365-C851-4338-AC4F-38E064AF8938}.Release|Any CPU.ActiveCfg = Release|Any CPU
		{969D5365-C851-4338-AC4F-38E064AF8938}.Release|Any CPU.Build.0 = Release|Any CPU
	EndGlobalSection
	GlobalSection(SolutionProperties) = preSolution
		HideSolutionNode = FALSE
	EndGlobalSection
	GlobalSection(ExtensibilityGlobals) = postSolution
		SolutionGuid = {69F8903D-58CA-4D95-BF38-47DBAF5FB09F}
	EndGlobalSection
EndGlobal
